{
  "version": 4,
  "terraform_version": "1.5.7",
  "serial": 45,
  "lineage": "733ef76c-b259-1ea0-54ae-67a0f694ead5",
  "outputs": {
    "file_abspath": {
      "value": "C:/Users/qhgus/Documents/GitHub/Terraform/03.start/abc.txt",
      "type": "string"
    },
    "file_id": {
      "value": "6367c48dd193d56ea7b0baad25b19455e529f5ee",
      "type": "string"
    }
  },
  "resources": [
    {
      "mode": "data",
      "type": "local_file",
      "name": "abc",
      "provider": "provider[\"registry.terraform.io/hashicorp/local\"]",
      "instances": [
        {
          "schema_version": 0,
          "attributes": {
            "content": "abc123",
            "content_base64": "YWJjMTIz",
            "content_base64sha256": "bKE9UspwyIPg8LsQHkJaiehiTeUdstI5JZOvaoQRgJA=",
            "content_base64sha512": "xwtd2ev7b1HQnUEytxcMnSB1CnhS8AaA9lZY8DEOgQBW5nY8NMmgCw6UAHb1RJXBafwjAszrMSA5JxxDRpUH3A==",
            "content_md5": "e99a18c428cb38d5f260853678922e03",
            "content_sha1": "6367c48dd193d56ea7b0baad25b19455e529f5ee",
            "content_sha256": "6ca13d52ca70c883e0f0bb101e425a89e8624de51db2d2392593af6a84118090",
            "content_sha512": "c70b5dd9ebfb6f51d09d4132b7170c9d20750a7852f00680f65658f0310e810056e6763c34c9a00b0e940076f54495c169fc2302cceb312039271c43469507dc",
            "filename": "./abc.txt",
            "id": "6367c48dd193d56ea7b0baad25b19455e529f5ee"
          },
          "sensitive_attributes": []
        }
      ]
    },
    {
      "mode": "managed",
      "type": "local_file",
      "name": "abc",
      "provider": "provider[\"registry.terraform.io/hashicorp/local\"]",
      "instances": [
        {
          "schema_version": 0,
          "attributes": {
            "content": "abc123",
            "content_base64": null,
            "content_base64sha256": "bKE9UspwyIPg8LsQHkJaiehiTeUdstI5JZOvaoQRgJA=",
            "content_base64sha512": "xwtd2ev7b1HQnUEytxcMnSB1CnhS8AaA9lZY8DEOgQBW5nY8NMmgCw6UAHb1RJXBafwjAszrMSA5JxxDRpUH3A==",
            "content_md5": "e99a18c428cb38d5f260853678922e03",
            "content_sha1": "6367c48dd193d56ea7b0baad25b19455e529f5ee",
            "content_sha256": "6ca13d52ca70c883e0f0bb101e425a89e8624de51db2d2392593af6a84118090",
            "content_sha512": "c70b5dd9ebfb6f51d09d4132b7170c9d20750a7852f00680f65658f0310e810056e6763c34c9a00b0e940076f54495c169fc2302cceb312039271c43469507dc",
            "directory_permission": "0777",
            "file_permission": "0777",
            "filename": "./abc.txt",
            "id": "6367c48dd193d56ea7b0baad25b19455e529f5ee",
            "sensitive_content": null,
            "source": null
          },
          "sensitive_attributes": []
        }
      ]
    },
    {
      "mode": "managed",
      "type": "local_file",
      "name": "def",
      "provider": "provider[\"registry.terraform.io/hashicorp/local\"]",
      "instances": [
        {
          "schema_version": 0,
          "attributes": {
            "content": "abc123",
            "content_base64": null,
            "content_base64sha256": "bKE9UspwyIPg8LsQHkJaiehiTeUdstI5JZOvaoQRgJA=",
            "content_base64sha512": "xwtd2ev7b1HQnUEytxcMnSB1CnhS8AaA9lZY8DEOgQBW5nY8NMmgCw6UAHb1RJXBafwjAszrMSA5JxxDRpUH3A==",
            "content_md5": "e99a18c428cb38d5f260853678922e03",
            "content_sha1": "6367c48dd193d56ea7b0baad25b19455e529f5ee",
            "content_sha256": "6ca13d52ca70c883e0f0bb101e425a89e8624de51db2d2392593af6a84118090",
            "content_sha512": "c70b5dd9ebfb6f51d09d4132b7170c9d20750a7852f00680f65658f0310e810056e6763c34c9a00b0e940076f54495c169fc2302cceb312039271c43469507dc",
            "directory_permission": "0777",
            "file_permission": "0777",
            "filename": "./def.txt",
            "id": "6367c48dd193d56ea7b0baad25b19455e529f5ee",
            "sensitive_content": null,
            "source": null
          },
          "sensitive_attributes": [],
          "dependencies": [
            "data.local_file.abc",
            "local_file.abc"
          ]
        }
      ]
    }
  ],
  "check_results": null
}
