{
  "version": 4,
  "terraform_version": "1.5.7",
  "serial": 17,
  "lineage": "733ef76c-b259-1ea0-54ae-67a0f694ead5",
  "outputs": {},
  "resources": [
    {
      "mode": "data",
      "type": "local_file",
      "name": "abc",
      "provider": "provider[\"registry.terraform.io/hashicorp/local\"]",
      "instances": [
        {
          "schema_version": 0,
          "attributes": {
            "content": "password",
            "content_base64": "cGFzc3dvcmQ=",
            "content_base64sha256": "XohImNooBHFR0OVvjcYpJ3NgPQ1qq73WKhHvch0VQtg=",
            "content_base64sha512": "sQnzu7wkTrgkQZF+0G1hi5AI3Qmzvv0bXgc5THBqi7mAsdd4Xll27ASbRt9fEyavWi6m0QP9B8lThf+rDKy8hg==",
            "content_md5": "5f4dcc3b5aa765d61d8327deb882cf99",
            "content_sha1": "5baa61e4c9b93f3f0682250b6cf8331b7ee68fd8",
            "content_sha256": "5e884898da28047151d0e56f8dc6292773603d0d6aabbdd62a11ef721d1542d8",
            "content_sha512": "b109f3bbbc244eb82441917ed06d618b9008dd09b3befd1b5e07394c706a8bb980b1d7785e5976ec049b46df5f1326af5a2ea6d103fd07c95385ffab0cacbc86",
            "filename": "./abc.txt",
            "id": "5baa61e4c9b93f3f0682250b6cf8331b7ee68fd8"
          },
          "sensitive_attributes": []
        }
      ]
    },
    {
      "mode": "managed",
      "type": "local_file",
      "name": "abc",
      "provider": "provider[\"registry.terraform.io/hashicorp/local\"]",
      "instances": [
        {
          "schema_version": 0,
          "attributes": {
            "content": "password",
            "content_base64": null,
            "content_base64sha256": "XohImNooBHFR0OVvjcYpJ3NgPQ1qq73WKhHvch0VQtg=",
            "content_base64sha512": "sQnzu7wkTrgkQZF+0G1hi5AI3Qmzvv0bXgc5THBqi7mAsdd4Xll27ASbRt9fEyavWi6m0QP9B8lThf+rDKy8hg==",
            "content_md5": "5f4dcc3b5aa765d61d8327deb882cf99",
            "content_sha1": "5baa61e4c9b93f3f0682250b6cf8331b7ee68fd8",
            "content_sha256": "5e884898da28047151d0e56f8dc6292773603d0d6aabbdd62a11ef721d1542d8",
            "content_sha512": "b109f3bbbc244eb82441917ed06d618b9008dd09b3befd1b5e07394c706a8bb980b1d7785e5976ec049b46df5f1326af5a2ea6d103fd07c95385ffab0cacbc86",
            "directory_permission": "0777",
            "file_permission": "0777",
            "filename": "./abc.txt",
            "id": "5baa61e4c9b93f3f0682250b6cf8331b7ee68fd8",
            "sensitive_content": null,
            "source": null
          },
          "sensitive_attributes": [
            [
              {
                "type": "get_attr",
                "value": "content"
              }
            ]
          ]
        }
      ]
    },
    {
      "mode": "managed",
      "type": "local_file",
      "name": "def",
      "provider": "provider[\"registry.terraform.io/hashicorp/local\"]",
      "instances": [
        {
          "schema_version": 0,
          "attributes": {
            "content": "password",
            "content_base64": null,
            "content_base64sha256": "XohImNooBHFR0OVvjcYpJ3NgPQ1qq73WKhHvch0VQtg=",
            "content_base64sha512": "sQnzu7wkTrgkQZF+0G1hi5AI3Qmzvv0bXgc5THBqi7mAsdd4Xll27ASbRt9fEyavWi6m0QP9B8lThf+rDKy8hg==",
            "content_md5": "5f4dcc3b5aa765d61d8327deb882cf99",
            "content_sha1": "5baa61e4c9b93f3f0682250b6cf8331b7ee68fd8",
            "content_sha256": "5e884898da28047151d0e56f8dc6292773603d0d6aabbdd62a11ef721d1542d8",
            "content_sha512": "b109f3bbbc244eb82441917ed06d618b9008dd09b3befd1b5e07394c706a8bb980b1d7785e5976ec049b46df5f1326af5a2ea6d103fd07c95385ffab0cacbc86",
            "directory_permission": "0777",
            "file_permission": "0777",
            "filename": "./def.txt",
            "id": "5baa61e4c9b93f3f0682250b6cf8331b7ee68fd8",
            "sensitive_content": null,
            "source": null
          },
          "sensitive_attributes": [],
          "dependencies": [
            "data.local_file.abc",
            "local_file.abc"
          ]
        }
      ]
    }
  ],
  "check_results": null
}
