{
  "version": 4,
  "terraform_version": "1.5.7",
  "serial": 10,
  "lineage": "733ef76c-b259-1ea0-54ae-67a0f694ead5",
  "outputs": {},
  "resources": [
    {
      "mode": "managed",
      "type": "local_file",
      "name": "abc",
      "provider": "provider[\"registry.terraform.io/hashicorp/local\"]",
      "instances": [
        {
          "schema_version": 0,
          "attributes": {
            "content": "123!",
            "content_base64": null,
            "content_base64sha256": "WMxIBYDzArMayMQtRw31w8x6vsNdmQmCiKWjrDtWpEk=",
            "content_base64sha512": "p6QsIyFZOgy9Ax+11AnGnnPkYmKvSBMhiAXO3gBcOPQq+A7LWKNmkCaQSScREaBbGh8hxqwIBr+9HspW+BOU2w==",
            "content_md5": "0610a910e9cd7ec9f78b7e3f4d959e6f",
            "content_sha1": "5f30576af23a25b7f44fa7f5fdf70325ee389155",
            "content_sha256": "58cc480580f302b31ac8c42d470df5c3cc7abec35d99098288a5a3ac3b56a449",
            "content_sha512": "a7a42c2321593a0cbd031fb5d409c69e73e46262af4813218805cede005c38f42af80ecb58a36690269049271111a05b1a1f21c6ac0806bfbd1eca56f81394db",
            "directory_permission": "0777",
            "file_permission": "0777",
            "filename": "./abc.txt",
            "id": "5f30576af23a25b7f44fa7f5fdf70325ee389155",
            "sensitive_content": null,
            "source": null
          },
          "sensitive_attributes": []
        }
      ]
    },
    {
      "mode": "managed",
      "type": "local_file",
      "name": "def",
      "provider": "provider[\"registry.terraform.io/hashicorp/local\"]",
      "instances": [
        {
          "schema_version": 0,
          "attributes": {
            "content": "123!",
            "content_base64": null,
            "content_base64sha256": "WMxIBYDzArMayMQtRw31w8x6vsNdmQmCiKWjrDtWpEk=",
            "content_base64sha512": "p6QsIyFZOgy9Ax+11AnGnnPkYmKvSBMhiAXO3gBcOPQq+A7LWKNmkCaQSScREaBbGh8hxqwIBr+9HspW+BOU2w==",
            "content_md5": "0610a910e9cd7ec9f78b7e3f4d959e6f",
            "content_sha1": "5f30576af23a25b7f44fa7f5fdf70325ee389155",
            "content_sha256": "58cc480580f302b31ac8c42d470df5c3cc7abec35d99098288a5a3ac3b56a449",
            "content_sha512": "a7a42c2321593a0cbd031fb5d409c69e73e46262af4813218805cede005c38f42af80ecb58a36690269049271111a05b1a1f21c6ac0806bfbd1eca56f81394db",
            "directory_permission": "0777",
            "file_permission": "0777",
            "filename": "./def.txt",
            "id": "5f30576af23a25b7f44fa7f5fdf70325ee389155",
            "sensitive_content": null,
            "source": null
          },
          "sensitive_attributes": [],
          "dependencies": [
            "local_file.abc"
          ]
        }
      ]
    }
  ],
  "check_results": null
}
