{
  "version": 4,
  "terraform_version": "1.5.7",
  "serial": 1,
  "lineage": "99862a75-4ad6-b8d2-f717-9dc98abf9137",
  "outputs": {},
  "resources": [
    {
      "mode": "managed",
      "type": "local_file",
      "name": "abc",
      "provider": "provider[\"registry.terraform.io/hashicorp/local\"]",
      "instances": [
        {
          "index_key": "a",
          "schema_version": 0,
          "attributes": {
            "content": "content a",
            "content_base64": null,
            "content_base64sha256": "AGn/6EgXd6pAOYLZ6bP6SJVwFaB8+g9m2uMgULlb2lQ=",
            "content_base64sha512": "7weIrvfi1Iq6FIew3NVIRCsnmyhqm+DVUqwp/eIgzWUnqfaaSdbDoeN32SEyQszfMMk+iKQjyoS5UgAl4ZV2wQ==",
            "content_md5": "d8114b361885ee54897e52ce2308e274",
            "content_sha1": "739afa0237fd8196c6b774a48676524bd95275b2",
            "content_sha256": "0069ffe8481777aa403982d9e9b3fa48957015a07cfa0f66dae32050b95bda54",
            "content_sha512": "ef0788aef7e2d48aba1487b0dcd548442b279b286a9be0d552ac29fde220cd6527a9f69a49d6c3a1e377d9213242ccdf30c93e88a423ca84b9520025e19576c1",
            "directory_permission": "0777",
            "file_permission": "0777",
            "filename": "./a.txt",
            "id": "739afa0237fd8196c6b774a48676524bd95275b2",
            "sensitive_content": null,
            "source": null
          },
          "sensitive_attributes": []
        },
        {
          "index_key": "b",
          "schema_version": 0,
          "attributes": {
            "content": "content b",
            "content_base64": null,
            "content_base64sha256": "xDY/OEaR9V7lpcMV4ffDc2auIykzZlqT/jvMDZC8k3s=",
            "content_base64sha512": "0TrS69i+qa9iB6EBGdy/vQv/P7IShM+Mqbx5MjYdHS07YTClbDu0Slr9pEVtd0trTbH7gGjKUrEYICgWMkEYHw==",
            "content_md5": "cd4e6ac0d4e24c702ab469a5b5ea7b2c",
            "content_sha1": "eae49f039c8416479f1c63b883f96fc39fe3d7c6",
            "content_sha256": "c4363f384691f55ee5a5c315e1f7c37366ae232933665a93fe3bcc0d90bc937b",
            "content_sha512": "d13ad2ebd8bea9af6207a10119dcbfbd0bff3fb21284cf8ca9bc7932361d1d2d3b6130a56c3bb44a5afda4456d774b6b4db1fb8068ca52b1182028163241181f",
            "directory_permission": "0777",
            "file_permission": "0777",
            "filename": "./b.txt",
            "id": "eae49f039c8416479f1c63b883f96fc39fe3d7c6",
            "sensitive_content": null,
            "source": null
          },
          "sensitive_attributes": []
        }
      ]
    }
  ],
  "check_results": null
}
